
Microsoft Visual Studio Solution File, Format Version 12.00
# Visual Studio Version 16
VisualStudioVersion = 16.0.29519.181
MinimumVisualStudioVersion = 10.0.40219.1
Project("{2150E333-8FDC-42A3-9474-1A3956D46DE8}") = "1 Source", "1 Source", "{37C6318F-B6FD-435A-A236-06CA9B8D722A}"
EndProject
Project("{2150E333-8FDC-42A3-9474-1A3956D46DE8}") = "3 Scripts", "3 Scripts", "{DCA93D67-94C5-4F7F-8CBA-5CCF6D49D05A}"
	ProjectSection(SolutionItems) = preProject
		Scripts\CreateNugetPackageCI.ps1 = Scripts\CreateNugetPackageCI.ps1
		Scripts\Publish.yml = Scripts\Publish.yml
		Scripts\Test.yml = Scripts\Test.yml
	EndProjectSection
EndProject
Project("{2150E333-8FDC-42A3-9474-1A3956D46DE8}") = "2 Tests", "2 Tests", "{E59B90EA-0958-431F-A211-DA842255B4EA}"
	ProjectSection(SolutionItems) = preProject
		Tests\DickinsonBros.Encryption.Certificate.Abstractions.runsettings = Tests\DickinsonBros.Encryption.Certificate.Abstractions.runsettings
	EndProjectSection
EndProject
Project("{9A19103F-16F7-4668-BE54-9A1E7A4F7556}") = "DickinsonBros.Encryption.Certificate.Abstractions", "Source\DickinsonBros.Encryption.Certificate.Abstractions\DickinsonBros.Encryption.Certificate.Abstractions.csproj", "{94190A32-7161-4708-A67A-89A18D739F22}"
EndProject
Project("{9A19103F-16F7-4668-BE54-9A1E7A4F7556}") = "DickinsonBros.Encryption.Certificate.Abstractions.Tests", "Tests\DickinsonBros.Encryption.Certificate.Abstractions.Tests\DickinsonBros.Encryption.Certificate.Abstractions.Tests.csproj", "{84A91B10-89DE-4D43-AC33-1ED562ED6F62}"
EndProject
Global
	GlobalSection(SolutionConfigurationPlatforms) = preSolution
		Debug|Any CPU = Debug|Any CPU
		Release|Any CPU = Release|Any CPU
	EndGlobalSection
	GlobalSection(ProjectConfigurationPlatforms) = postSolution
		{94190A32-7161-4708-A67A-89A18D739F22}.Debug|Any CPU.ActiveCfg = Debug|Any CPU
		{94190A32-7161-4708-A67A-89A18D739F22}.Debug|Any CPU.Build.0 = Debug|Any CPU
		{94190A32-7161-4708-A67A-89A18D739F22}.Release|Any CPU.ActiveCfg = Release|Any CPU
		{94190A32-7161-4708-A67A-89A18D739F22}.Release|Any CPU.Build.0 = Release|Any CPU
		{84A91B10-89DE-4D43-AC33-1ED562ED6F62}.Debug|Any CPU.ActiveCfg = Debug|Any CPU
		{84A91B10-89DE-4D43-AC33-1ED562ED6F62}.Debug|Any CPU.Build.0 = Debug|Any CPU
		{84A91B10-89DE-4D43-AC33-1ED562ED6F62}.Release|Any CPU.ActiveCfg = Release|Any CPU
		{84A91B10-89DE-4D43-AC33-1ED562ED6F62}.Release|Any CPU.Build.0 = Release|Any CPU
	EndGlobalSection
	GlobalSection(SolutionProperties) = preSolution
		HideSolutionNode = FALSE
	EndGlobalSection
	GlobalSection(NestedProjects) = preSolution
		{94190A32-7161-4708-A67A-89A18D739F22} = {37C6318F-B6FD-435A-A236-06CA9B8D722A}
		{84A91B10-89DE-4D43-AC33-1ED562ED6F62} = {E59B90EA-0958-431F-A211-DA842255B4EA}
	EndGlobalSection
	GlobalSection(ExtensibilityGlobals) = postSolution
		SolutionGuid = {6AB9BDCF-5D80-47CF-85A6-7F139E224AF1}
	EndGlobalSection
EndGlobal
