
Microsoft Visual Studio Solution File, Format Version 12.00
# Visual Studio Version 16
VisualStudioVersion = 16.0.29519.181
MinimumVisualStudioVersion = 10.0.40219.1
Project("{FAE04EC0-301F-11D3-BF4B-00C04F79EFBC}") = "DickinsonBros.Encryption.Certificate.Abstractions", "DickinsonBros.Encryption.Certificate.Abstractions\DickinsonBros.Encryption.Certificate.Abstractions.csproj", "{CE0CBDA6-D95A-4004-9A03-E5D6ADAA30F0}"
EndProject
Project("{2150E333-8FDC-42A3-9474-1A3956D46DE8}") = "1 Abstractions", "1 Abstractions", "{37C6318F-B6FD-435A-A236-06CA9B8D722A}"
EndProject
Project("{2150E333-8FDC-42A3-9474-1A3956D46DE8}") = "9 Scripts", "9 Scripts", "{DCA93D67-94C5-4F7F-8CBA-5CCF6D49D05A}"
	ProjectSection(SolutionItems) = preProject
		Scripts\CreateNugetPackageCI.ps1 = Scripts\CreateNugetPackageCI.ps1
		Scripts\Publish.yml = Scripts\Publish.yml
		Scripts\Test.yml = Scripts\Test.yml
	EndProjectSection
EndProject
Global
	GlobalSection(SolutionConfigurationPlatforms) = preSolution
		Debug|Any CPU = Debug|Any CPU
		Release|Any CPU = Release|Any CPU
	EndGlobalSection
	GlobalSection(ProjectConfigurationPlatforms) = postSolution
		{CE0CBDA6-D95A-4004-9A03-E5D6ADAA30F0}.Debug|Any CPU.ActiveCfg = Debug|Any CPU
		{CE0CBDA6-D95A-4004-9A03-E5D6ADAA30F0}.Debug|Any CPU.Build.0 = Debug|Any CPU
		{CE0CBDA6-D95A-4004-9A03-E5D6ADAA30F0}.Release|Any CPU.ActiveCfg = Release|Any CPU
		{CE0CBDA6-D95A-4004-9A03-E5D6ADAA30F0}.Release|Any CPU.Build.0 = Release|Any CPU
	EndGlobalSection
	GlobalSection(SolutionProperties) = preSolution
		HideSolutionNode = FALSE
	EndGlobalSection
	GlobalSection(NestedProjects) = preSolution
		{CE0CBDA6-D95A-4004-9A03-E5D6ADAA30F0} = {37C6318F-B6FD-435A-A236-06CA9B8D722A}
	EndGlobalSection
	GlobalSection(ExtensibilityGlobals) = postSolution
		SolutionGuid = {6AB9BDCF-5D80-47CF-85A6-7F139E224AF1}
	EndGlobalSection
EndGlobal
